// !$*UTF8*$!
{
	archiveVersion = 1;
	classes = {
	};
	objectVersion = 56;
	objects = {

/* Begin PBXBuildFile section */
		DCFB1D95296CBD5300643498 /* main.cpp in Sources */ = {isa = PBXBuildFile; fileRef = DCFB1D94296CBD5300643498 /* main.cpp */; };
		DCFB21FE296CC45E00643498 /* libopencv_bgsegm.4.7.0.dylib in Frameworks */ = {isa = PBXBuildFile; fileRef = DCFB21C3296CC45D00643498 /* libopencv_bgsegm.4.7.0.dylib */; };
		DCFB21FF296CC45E00643498 /* libopencv_fuzzy.4.7.0.dylib in Frameworks */ = {isa = PBXBuildFile; fileRef = DCFB21C4296CC45D00643498 /* libopencv_fuzzy.4.7.0.dylib */; };
		DCFB2200296CC45E00643498 /* libopencv_phase_unwrapping.4.7.0.dylib in Frameworks */ = {isa = PBXBuildFile; fileRef = DCFB21C5296CC45D00643498 /* libopencv_phase_unwrapping.4.7.0.dylib */; };
		DCFB2201296CC45E00643498 /* libopencv_rgbd.4.7.0.dylib in Frameworks */ = {isa = PBXBuildFile; fileRef = DCFB21C6296CC45D00643498 /* libopencv_rgbd.4.7.0.dylib */; };
		DCFB2202296CC45E00643498 /* libopencv_superres.4.7.0.dylib in Frameworks */ = {isa = PBXBuildFile; fileRef = DCFB21C7296CC45D00643498 /* libopencv_superres.4.7.0.dylib */; };
		DCFB2203296CC45E00643498 /* libopencv_reg.4.7.0.dylib in Frameworks */ = {isa = PBXBuildFile; fileRef = DCFB21C8296CC45D00643498 /* libopencv_reg.4.7.0.dylib */; };
		DCFB2204296CC45E00643498 /* libopencv_gapi.4.7.0.dylib in Frameworks */ = {isa = PBXBuildFile; fileRef = DCFB21C9296CC45D00643498 /* libopencv_gapi.4.7.0.dylib */; };
		DCFB2205296CC45E00643498 /* libopencv_xphoto.4.7.0.dylib in Frameworks */ = {isa = PBXBuildFile; fileRef = DCFB21CA296CC45D00643498 /* libopencv_xphoto.4.7.0.dylib */; };
		DCFB2206296CC45E00643498 /* libopencv_mcc.4.7.0.dylib in Frameworks */ = {isa = PBXBuildFile; fileRef = DCFB21CC296CC45D00643498 /* libopencv_mcc.4.7.0.dylib */; };
		DCFB2207296CC45E00643498 /* libopencv_core.4.7.0.dylib in Frameworks */ = {isa = PBXBuildFile; fileRef = DCFB21CD296CC45D00643498 /* libopencv_core.4.7.0.dylib */; };
		DCFB2208296CC45E00643498 /* libopencv_structured_light.4.7.0.dylib in Frameworks */ = {isa = PBXBuildFile; fileRef = DCFB21CE296CC45D00643498 /* libopencv_structured_light.4.7.0.dylib */; };
		DCFB2209296CC45E00643498 /* libopencv_objdetect.4.7.0.dylib in Frameworks */ = {isa = PBXBuildFile; fileRef = DCFB21CF296CC45D00643498 /* libopencv_objdetect.4.7.0.dylib */; };
		DCFB220A296CC45E00643498 /* libopencv_alphamat.4.7.0.dylib in Frameworks */ = {isa = PBXBuildFile; fileRef = DCFB21D0296CC45D00643498 /* libopencv_alphamat.4.7.0.dylib */; };
		DCFB220B296CC45E00643498 /* libopencv_plot.4.7.0.dylib in Frameworks */ = {isa = PBXBuildFile; fileRef = DCFB21D1296CC45D00643498 /* libopencv_plot.4.7.0.dylib */; };
		DCFB220C296CC45E00643498 /* libopencv_wechat_qrcode.4.7.0.dylib in Frameworks */ = {isa = PBXBuildFile; fileRef = DCFB21D2296CC45D00643498 /* libopencv_wechat_qrcode.4.7.0.dylib */; };
		DCFB220D296CC45E00643498 /* libopencv_hfs.4.7.0.dylib in Frameworks */ = {isa = PBXBuildFile; fileRef = DCFB21D3296CC45D00643498 /* libopencv_hfs.4.7.0.dylib */; };
		DCFB220E296CC45E00643498 /* libopencv_videostab.4.7.0.dylib in Frameworks */ = {isa = PBXBuildFile; fileRef = DCFB21D4296CC45D00643498 /* libopencv_videostab.4.7.0.dylib */; };
		DCFB220F296CC45E00643498 /* libopencv_calib3d.4.7.0.dylib in Frameworks */ = {isa = PBXBuildFile; fileRef = DCFB21D5296CC45D00643498 /* libopencv_calib3d.4.7.0.dylib */; };
		DCFB2210296CC45E00643498 /* libopencv_ximgproc.4.7.0.dylib in Frameworks */ = {isa = PBXBuildFile; fileRef = DCFB21D6296CC45D00643498 /* libopencv_ximgproc.4.7.0.dylib */; };
		DCFB2211296CC45E00643498 /* libopencv_dpm.4.7.0.dylib in Frameworks */ = {isa = PBXBuildFile; fileRef = DCFB21D7296CC45D00643498 /* libopencv_dpm.4.7.0.dylib */; };
		DCFB2212296CC45E00643498 /* libopencv_stereo.4.7.0.dylib in Frameworks */ = {isa = PBXBuildFile; fileRef = DCFB21D8296CC45D00643498 /* libopencv_stereo.4.7.0.dylib */; };
		DCFB2213296CC45E00643498 /* libopencv_ml.4.7.0.dylib in Frameworks */ = {isa = PBXBuildFile; fileRef = DCFB21D9296CC45D00643498 /* libopencv_ml.4.7.0.dylib */; };
		DCFB2214296CC45E00643498 /* libopencv_quality.4.7.0.dylib in Frameworks */ = {isa = PBXBuildFile; fileRef = DCFB21DA296CC45D00643498 /* libopencv_quality.4.7.0.dylib */; };
		DCFB2215296CC45E00643498 /* libopencv_xobjdetect.4.7.0.dylib in Frameworks */ = {isa = PBXBuildFile; fileRef = DCFB21DB296CC45D00643498 /* libopencv_xobjdetect.4.7.0.dylib */; };
		DCFB2216296CC45E00643498 /* libopencv_xfeatures2d.4.7.0.dylib in Frameworks */ = {isa = PBXBuildFile; fileRef = DCFB21DC296CC45D00643498 /* libopencv_xfeatures2d.4.7.0.dylib */; };
		DCFB2217296CC45E00643498 /* libopencv_bioinspired.4.7.0.dylib in Frameworks */ = {isa = PBXBuildFile; fileRef = DCFB21DD296CC45D00643498 /* libopencv_bioinspired.4.7.0.dylib */; };
		DCFB2218296CC45E00643498 /* libopencv_dnn.4.7.0.dylib in Frameworks */ = {isa = PBXBuildFile; fileRef = DCFB21DE296CC45D00643498 /* libopencv_dnn.4.7.0.dylib */; };
		DCFB2219296CC45E00643498 /* libopencv_tracking.4.7.0.dylib in Frameworks */ = {isa = PBXBuildFile; fileRef = DCFB21DF296CC45D00643498 /* libopencv_tracking.4.7.0.dylib */; };
		DCFB221A296CC45E00643498 /* libopencv_text.4.7.0.dylib in Frameworks */ = {isa = PBXBuildFile; fileRef = DCFB21E0296CC45D00643498 /* libopencv_text.4.7.0.dylib */; };
		DCFB221B296CC45E00643498 /* libopencv_photo.4.7.0.dylib in Frameworks */ = {isa = PBXBuildFile; fileRef = DCFB21E1296CC45D00643498 /* libopencv_photo.4.7.0.dylib */; };
		DCFB221C296CC45E00643498 /* libopencv_imgproc.4.7.0.dylib in Frameworks */ = {isa = PBXBuildFile; fileRef = DCFB21E2296CC45D00643498 /* libopencv_imgproc.4.7.0.dylib */; };
		DCFB221D296CC45E00643498 /* libopencv_imgcodecs.4.7.0.dylib in Frameworks */ = {isa = PBXBuildFile; fileRef = DCFB21E3296CC45D00643498 /* libopencv_imgcodecs.4.7.0.dylib */; };
		DCFB221E296CC45E00643498 /* libopencv_dnn_superres.4.7.0.dylib in Frameworks */ = {isa = PBXBuildFile; fileRef = DCFB21E4296CC45D00643498 /* libopencv_dnn_superres.4.7.0.dylib */; };
		DCFB221F296CC45E00643498 /* libopencv_aruco.4.7.0.dylib in Frameworks */ = {isa = PBXBuildFile; fileRef = DCFB21E5296CC45D00643498 /* libopencv_aruco.4.7.0.dylib */; };
		DCFB2220296CC45E00643498 /* libopencv_freetype.4.7.0.dylib in Frameworks */ = {isa = PBXBuildFile; fileRef = DCFB21E6296CC45D00643498 /* libopencv_freetype.4.7.0.dylib */; };
		DCFB2221296CC45E00643498 /* libopencv_rapid.4.7.0.dylib in Frameworks */ = {isa = PBXBuildFile; fileRef = DCFB21E7296CC45D00643498 /* libopencv_rapid.4.7.0.dylib */; };
		DCFB2222296CC45E00643498 /* libopencv_img_hash.4.7.0.dylib in Frameworks */ = {isa = PBXBuildFile; fileRef = DCFB21E8296CC45D00643498 /* libopencv_img_hash.4.7.0.dylib */; };
		DCFB2223296CC45E00643498 /* libopencv_ccalib.4.7.0.dylib in Frameworks */ = {isa = PBXBuildFile; fileRef = DCFB21E9296CC45D00643498 /* libopencv_ccalib.4.7.0.dylib */; };
		DCFB2224296CC45E00643498 /* libopencv_sfm.4.7.0.dylib in Frameworks */ = {isa = PBXBuildFile; fileRef = DCFB21EA296CC45D00643498 /* libopencv_sfm.4.7.0.dylib */; };
		DCFB2225296CC45E00643498 /* libopencv_features2d.4.7.0.dylib in Frameworks */ = {isa = PBXBuildFile; fileRef = DCFB21EB296CC45D00643498 /* libopencv_features2d.4.7.0.dylib */; };
		DCFB2226296CC45E00643498 /* libopencv_shape.4.7.0.dylib in Frameworks */ = {isa = PBXBuildFile; fileRef = DCFB21EC296CC45D00643498 /* libopencv_shape.4.7.0.dylib */; };
		DCFB2227296CC45E00643498 /* libopencv_face.4.7.0.dylib in Frameworks */ = {isa = PBXBuildFile; fileRef = DCFB21ED296CC45D00643498 /* libopencv_face.4.7.0.dylib */; };
		DCFB2228296CC45E00643498 /* libopencv_optflow.4.7.0.dylib in Frameworks */ = {isa = PBXBuildFile; fileRef = DCFB21EE296CC45D00643498 /* libopencv_optflow.4.7.0.dylib */; };
		DCFB2229296CC45E00643498 /* libopencv_video.4.7.0.dylib in Frameworks */ = {isa = PBXBuildFile; fileRef = DCFB21EF296CC45E00643498 /* libopencv_video.4.7.0.dylib */; };
		DCFB222A296CC45E00643498 /* libopencv_videoio.4.7.0.dylib in Frameworks */ = {isa = PBXBuildFile; fileRef = DCFB21F0296CC45E00643498 /* libopencv_videoio.4.7.0.dylib */; };
		DCFB222B296CC45E00643498 /* libopencv_stitching.4.7.0.dylib in Frameworks */ = {isa = PBXBuildFile; fileRef = DCFB21F1296CC45E00643498 /* libopencv_stitching.4.7.0.dylib */; };
		DCFB222C296CC45E00643498 /* libopencv_highgui.4.7.0.dylib in Frameworks */ = {isa = PBXBuildFile; fileRef = DCFB21F2296CC45E00643498 /* libopencv_highgui.4.7.0.dylib */; };
		DCFB222D296CC45E00643498 /* libopencv_intensity_transform.4.7.0.dylib in Frameworks */ = {isa = PBXBuildFile; fileRef = DCFB21F3296CC45E00643498 /* libopencv_intensity_transform.4.7.0.dylib */; };
		DCFB222E296CC45E00643498 /* libopencv_datasets.4.7.0.dylib in Frameworks */ = {isa = PBXBuildFile; fileRef = DCFB21F4296CC45E00643498 /* libopencv_datasets.4.7.0.dylib */; };
		DCFB222F296CC45E00643498 /* libopencv_dnn_objdetect.4.7.0.dylib in Frameworks */ = {isa = PBXBuildFile; fileRef = DCFB21F5296CC45E00643498 /* libopencv_dnn_objdetect.4.7.0.dylib */; };
		DCFB2230296CC45E00643498 /* libopencv_surface_matching.4.7.0.dylib in Frameworks */ = {isa = PBXBuildFile; fileRef = DCFB21F7296CC45E00643498 /* libopencv_surface_matching.4.7.0.dylib */; };
		DCFB2231296CC45E00643498 /* libopencv_flann.4.7.0.dylib in Frameworks */ = {isa = PBXBuildFile; fileRef = DCFB21F8296CC45E00643498 /* libopencv_flann.4.7.0.dylib */; };
		DCFB2232296CC45E00643498 /* libopencv_viz.4.7.0.dylib in Frameworks */ = {isa = PBXBuildFile; fileRef = DCFB21F9296CC45E00643498 /* libopencv_viz.4.7.0.dylib */; };
		DCFB2233296CC45E00643498 /* libopencv_saliency.4.7.0.dylib in Frameworks */ = {isa = PBXBuildFile; fileRef = DCFB21FB296CC45E00643498 /* libopencv_saliency.4.7.0.dylib */; };
		DCFB2234296CC45E00643498 /* libopencv_barcode.4.7.0.dylib in Frameworks */ = {isa = PBXBuildFile; fileRef = DCFB21FC296CC45E00643498 /* libopencv_barcode.4.7.0.dylib */; };
		DCFB2235296CC45E00643498 /* libopencv_line_descriptor.4.7.0.dylib in Frameworks */ = {isa = PBXBuildFile; fileRef = DCFB21FD296CC45E00643498 /* libopencv_line_descriptor.4.7.0.dylib */; };
/* End PBXBuildFile section */

/* Begin PBXCopyFilesBuildPhase section */
		DCFB1D8F296CBD5300643498 /* CopyFiles */ = {
			isa = PBXCopyFilesBuildPhase;
			buildActionMask = 2147483647;
			dstPath = /usr/share/man/man1/;
			dstSubfolderSpec = 0;
			files = (
			);
			runOnlyForDeploymentPostprocessing = 1;
		};
/* End PBXCopyFilesBuildPhase section */

/* Begin PBXFileReference section */
		DCFB1D91296CBD5300643498 /* sodukusolver */ = {isa = PBXFileReference; explicitFileType = "compiled.mach-o.executable"; includeInIndex = 0; path = sodukusolver; sourceTree = BUILT_PRODUCTS_DIR; };
		DCFB1D94296CBD5300643498 /* main.cpp */ = {isa = PBXFileReference; lastKnownFileType = sourcecode.cpp.cpp; path = main.cpp; sourceTree = "<group>"; };
		DCFB21C3296CC45D00643498 /* libopencv_bgsegm.4.7.0.dylib */ = {isa = PBXFileReference; lastKnownFileType = "compiled.mach-o.dylib"; name = libopencv_bgsegm.4.7.0.dylib; path = ../../../../opt/homebrew/Cellar/opencv/4.7.0/lib/libopencv_bgsegm.4.7.0.dylib; sourceTree = "<group>"; };
		DCFB21C4296CC45D00643498 /* libopencv_fuzzy.4.7.0.dylib */ = {isa = PBXFileReference; lastKnownFileType = "compiled.mach-o.dylib"; name = libopencv_fuzzy.4.7.0.dylib; path = ../../../../opt/homebrew/Cellar/opencv/4.7.0/lib/libopencv_fuzzy.4.7.0.dylib; sourceTree = "<group>"; };
		DCFB21C5296CC45D00643498 /* libopencv_phase_unwrapping.4.7.0.dylib */ = {isa = PBXFileReference; lastKnownFileType = "compiled.mach-o.dylib"; name = libopencv_phase_unwrapping.4.7.0.dylib; path = ../../../../opt/homebrew/Cellar/opencv/4.7.0/lib/libopencv_phase_unwrapping.4.7.0.dylib; sourceTree = "<group>"; };
		DCFB21C6296CC45D00643498 /* libopencv_rgbd.4.7.0.dylib */ = {isa = PBXFileReference; lastKnownFileType = "compiled.mach-o.dylib"; name = libopencv_rgbd.4.7.0.dylib; path = ../../../../opt/homebrew/Cellar/opencv/4.7.0/lib/libopencv_rgbd.4.7.0.dylib; sourceTree = "<group>"; };
		DCFB21C7296CC45D00643498 /* libopencv_superres.4.7.0.dylib */ = {isa = PBXFileReference; lastKnownFileType = "compiled.mach-o.dylib"; name = libopencv_superres.4.7.0.dylib; path = ../../../../opt/homebrew/Cellar/opencv/4.7.0/lib/libopencv_superres.4.7.0.dylib; sourceTree = "<group>"; };
		DCFB21C8296CC45D00643498 /* libopencv_reg.4.7.0.dylib */ = {isa = PBXFileReference; lastKnownFileType = "compiled.mach-o.dylib"; name = libopencv_reg.4.7.0.dylib; path = ../../../../opt/homebrew/Cellar/opencv/4.7.0/lib/libopencv_reg.4.7.0.dylib; sourceTree = "<group>"; };
		DCFB21C9296CC45D00643498 /* libopencv_gapi.4.7.0.dylib */ = {isa = PBXFileReference; lastKnownFileType = "compiled.mach-o.dylib"; name = libopencv_gapi.4.7.0.dylib; path = ../../../../opt/homebrew/Cellar/opencv/4.7.0/lib/libopencv_gapi.4.7.0.dylib; sourceTree = "<group>"; };
		DCFB21CA296CC45D00643498 /* libopencv_xphoto.4.7.0.dylib */ = {isa = PBXFileReference; lastKnownFileType = "compiled.mach-o.dylib"; name = libopencv_xphoto.4.7.0.dylib; path = ../../../../opt/homebrew/Cellar/opencv/4.7.0/lib/libopencv_xphoto.4.7.0.dylib; sourceTree = "<group>"; };
		DCFB21CC296CC45D00643498 /* libopencv_mcc.4.7.0.dylib */ = {isa = PBXFileReference; lastKnownFileType = "compiled.mach-o.dylib"; name = libopencv_mcc.4.7.0.dylib; path = ../../../../opt/homebrew/Cellar/opencv/4.7.0/lib/libopencv_mcc.4.7.0.dylib; sourceTree = "<group>"; };
		DCFB21CD296CC45D00643498 /* libopencv_core.4.7.0.dylib */ = {isa = PBXFileReference; lastKnownFileType = "compiled.mach-o.dylib"; name = libopencv_core.4.7.0.dylib; path = ../../../../opt/homebrew/Cellar/opencv/4.7.0/lib/libopencv_core.4.7.0.dylib; sourceTree = "<group>"; };
		DCFB21CE296CC45D00643498 /* libopencv_structured_light.4.7.0.dylib */ = {isa = PBXFileReference; lastKnownFileType = "compiled.mach-o.dylib"; name = libopencv_structured_light.4.7.0.dylib; path = ../../../../opt/homebrew/Cellar/opencv/4.7.0/lib/libopencv_structured_light.4.7.0.dylib; sourceTree = "<group>"; };
		DCFB21CF296CC45D00643498 /* libopencv_objdetect.4.7.0.dylib */ = {isa = PBXFileReference; lastKnownFileType = "compiled.mach-o.dylib"; name = libopencv_objdetect.4.7.0.dylib; path = ../../../../opt/homebrew/Cellar/opencv/4.7.0/lib/libopencv_objdetect.4.7.0.dylib; sourceTree = "<group>"; };
		DCFB21D0296CC45D00643498 /* libopencv_alphamat.4.7.0.dylib */ = {isa = PBXFileReference; lastKnownFileType = "compiled.mach-o.dylib"; name = libopencv_alphamat.4.7.0.dylib; path = ../../../../opt/homebrew/Cellar/opencv/4.7.0/lib/libopencv_alphamat.4.7.0.dylib; sourceTree = "<group>"; };
		DCFB21D1296CC45D00643498 /* libopencv_plot.4.7.0.dylib */ = {isa = PBXFileReference; lastKnownFileType = "compiled.mach-o.dylib"; name = libopencv_plot.4.7.0.dylib; path = ../../../../opt/homebrew/Cellar/opencv/4.7.0/lib/libopencv_plot.4.7.0.dylib; sourceTree = "<group>"; };
		DCFB21D2296CC45D00643498 /* libopencv_wechat_qrcode.4.7.0.dylib */ = {isa = PBXFileReference; lastKnownFileType = "compiled.mach-o.dylib"; name = libopencv_wechat_qrcode.4.7.0.dylib; path = ../../../../opt/homebrew/Cellar/opencv/4.7.0/lib/libopencv_wechat_qrcode.4.7.0.dylib; sourceTree = "<group>"; };
		DCFB21D3296CC45D00643498 /* libopencv_hfs.4.7.0.dylib */ = {isa = PBXFileReference; lastKnownFileType = "compiled.mach-o.dylib"; name = libopencv_hfs.4.7.0.dylib; path = ../../../../opt/homebrew/Cellar/opencv/4.7.0/lib/libopencv_hfs.4.7.0.dylib; sourceTree = "<group>"; };
		DCFB21D4296CC45D00643498 /* libopencv_videostab.4.7.0.dylib */ = {isa = PBXFileReference; lastKnownFileType = "compiled.mach-o.dylib"; name = libopencv_videostab.4.7.0.dylib; path = ../../../../opt/homebrew/Cellar/opencv/4.7.0/lib/libopencv_videostab.4.7.0.dylib; sourceTree = "<group>"; };
		DCFB21D5296CC45D00643498 /* libopencv_calib3d.4.7.0.dylib */ = {isa = PBXFileReference; lastKnownFileType = "compiled.mach-o.dylib"; name = libopencv_calib3d.4.7.0.dylib; path = ../../../../opt/homebrew/Cellar/opencv/4.7.0/lib/libopencv_calib3d.4.7.0.dylib; sourceTree = "<group>"; };
		DCFB21D6296CC45D00643498 /* libopencv_ximgproc.4.7.0.dylib */ = {isa = PBXFileReference; lastKnownFileType = "compiled.mach-o.dylib"; name = libopencv_ximgproc.4.7.0.dylib; path = ../../../../opt/homebrew/Cellar/opencv/4.7.0/lib/libopencv_ximgproc.4.7.0.dylib; sourceTree = "<group>"; };
		DCFB21D7296CC45D00643498 /* libopencv_dpm.4.7.0.dylib */ = {isa = PBXFileReference; lastKnownFileType = "compiled.mach-o.dylib"; name = libopencv_dpm.4.7.0.dylib; path = ../../../../opt/homebrew/Cellar/opencv/4.7.0/lib/libopencv_dpm.4.7.0.dylib; sourceTree = "<group>"; };
		DCFB21D8296CC45D00643498 /* libopencv_stereo.4.7.0.dylib */ = {isa = PBXFileReference; lastKnownFileType = "compiled.mach-o.dylib"; name = libopencv_stereo.4.7.0.dylib; path = ../../../../opt/homebrew/Cellar/opencv/4.7.0/lib/libopencv_stereo.4.7.0.dylib; sourceTree = "<group>"; };
		DCFB21D9296CC45D00643498 /* libopencv_ml.4.7.0.dylib */ = {isa = PBXFileReference; lastKnownFileType = "compiled.mach-o.dylib"; name = libopencv_ml.4.7.0.dylib; path = ../../../../opt/homebrew/Cellar/opencv/4.7.0/lib/libopencv_ml.4.7.0.dylib; sourceTree = "<group>"; };
		DCFB21DA296CC45D00643498 /* libopencv_quality.4.7.0.dylib */ = {isa = PBXFileReference; lastKnownFileType = "compiled.mach-o.dylib"; name = libopencv_quality.4.7.0.dylib; path = ../../../../opt/homebrew/Cellar/opencv/4.7.0/lib/libopencv_quality.4.7.0.dylib; sourceTree = "<group>"; };
		DCFB21DB296CC45D00643498 /* libopencv_xobjdetect.4.7.0.dylib */ = {isa = PBXFileReference; lastKnownFileType = "compiled.mach-o.dylib"; name = libopencv_xobjdetect.4.7.0.dylib; path = ../../../../opt/homebrew/Cellar/opencv/4.7.0/lib/libopencv_xobjdetect.4.7.0.dylib; sourceTree = "<group>"; };
		DCFB21DC296CC45D00643498 /* libopencv_xfeatures2d.4.7.0.dylib */ = {isa = PBXFileReference; lastKnownFileType = "compiled.mach-o.dylib"; name = libopencv_xfeatures2d.4.7.0.dylib; path = ../../../../opt/homebrew/Cellar/opencv/4.7.0/lib/libopencv_xfeatures2d.4.7.0.dylib; sourceTree = "<group>"; };
		DCFB21DD296CC45D00643498 /* libopencv_bioinspired.4.7.0.dylib */ = {isa = PBXFileReference; lastKnownFileType = "compiled.mach-o.dylib"; name = libopencv_bioinspired.4.7.0.dylib; path = ../../../../opt/homebrew/Cellar/opencv/4.7.0/lib/libopencv_bioinspired.4.7.0.dylib; sourceTree = "<group>"; };
		DCFB21DE296CC45D00643498 /* libopencv_dnn.4.7.0.dylib */ = {isa = PBXFileReference; lastKnownFileType = "compiled.mach-o.dylib"; name = libopencv_dnn.4.7.0.dylib; path = ../../../../opt/homebrew/Cellar/opencv/4.7.0/lib/libopencv_dnn.4.7.0.dylib; sourceTree = "<group>"; };
		DCFB21DF296CC45D00643498 /* libopencv_tracking.4.7.0.dylib */ = {isa = PBXFileReference; lastKnownFileType = "compiled.mach-o.dylib"; name = libopencv_tracking.4.7.0.dylib; path = ../../../../opt/homebrew/Cellar/opencv/4.7.0/lib/libopencv_tracking.4.7.0.dylib; sourceTree = "<group>"; };
		DCFB21E0296CC45D00643498 /* libopencv_text.4.7.0.dylib */ = {isa = PBXFileReference; lastKnownFileType = "compiled.mach-o.dylib"; name = libopencv_text.4.7.0.dylib; path = ../../../../opt/homebrew/Cellar/opencv/4.7.0/lib/libopencv_text.4.7.0.dylib; sourceTree = "<group>"; };
		DCFB21E1296CC45D00643498 /* libopencv_photo.4.7.0.dylib */ = {isa = PBXFileReference; lastKnownFileType = "compiled.mach-o.dylib"; name = libopencv_photo.4.7.0.dylib; path = ../../../../opt/homebrew/Cellar/opencv/4.7.0/lib/libopencv_photo.4.7.0.dylib; sourceTree = "<group>"; };
		DCFB21E2296CC45D00643498 /* libopencv_imgproc.4.7.0.dylib */ = {isa = PBXFileReference; lastKnownFileType = "compiled.mach-o.dylib"; name = libopencv_imgproc.4.7.0.dylib; path = ../../../../opt/homebrew/Cellar/opencv/4.7.0/lib/libopencv_imgproc.4.7.0.dylib; sourceTree = "<group>"; };
		DCFB21E3296CC45D00643498 /* libopencv_imgcodecs.4.7.0.dylib */ = {isa = PBXFileReference; lastKnownFileType = "compiled.mach-o.dylib"; name = libopencv_imgcodecs.4.7.0.dylib; path = ../../../../opt/homebrew/Cellar/opencv/4.7.0/lib/libopencv_imgcodecs.4.7.0.dylib; sourceTree = "<group>"; };
		DCFB21E4296CC45D00643498 /* libopencv_dnn_superres.4.7.0.dylib */ = {isa = PBXFileReference; lastKnownFileType = "compiled.mach-o.dylib"; name = libopencv_dnn_superres.4.7.0.dylib; path = ../../../../opt/homebrew/Cellar/opencv/4.7.0/lib/libopencv_dnn_superres.4.7.0.dylib; sourceTree = "<group>"; };
		DCFB21E5296CC45D00643498 /* libopencv_aruco.4.7.0.dylib */ = {isa = PBXFileReference; lastKnownFileType = "compiled.mach-o.dylib"; name = libopencv_aruco.4.7.0.dylib; path = ../../../../opt/homebrew/Cellar/opencv/4.7.0/lib/libopencv_aruco.4.7.0.dylib; sourceTree = "<group>"; };
		DCFB21E6296CC45D00643498 /* libopencv_freetype.4.7.0.dylib */ = {isa = PBXFileReference; lastKnownFileType = "compiled.mach-o.dylib"; name = libopencv_freetype.4.7.0.dylib; path = ../../../../opt/homebrew/Cellar/opencv/4.7.0/lib/libopencv_freetype.4.7.0.dylib; sourceTree = "<group>"; };
		DCFB21E7296CC45D00643498 /* libopencv_rapid.4.7.0.dylib */ = {isa = PBXFileReference; lastKnownFileType = "compiled.mach-o.dylib"; name = libopencv_rapid.4.7.0.dylib; path = ../../../../opt/homebrew/Cellar/opencv/4.7.0/lib/libopencv_rapid.4.7.0.dylib; sourceTree = "<group>"; };
		DCFB21E8296CC45D00643498 /* libopencv_img_hash.4.7.0.dylib */ = {isa = PBXFileReference; lastKnownFileType = "compiled.mach-o.dylib"; name = libopencv_img_hash.4.7.0.dylib; path = ../../../../opt/homebrew/Cellar/opencv/4.7.0/lib/libopencv_img_hash.4.7.0.dylib; sourceTree = "<group>"; };
		DCFB21E9296CC45D00643498 /* libopencv_ccalib.4.7.0.dylib */ = {isa = PBXFileReference; lastKnownFileType = "compiled.mach-o.dylib"; name = libopencv_ccalib.4.7.0.dylib; path = ../../../../opt/homebrew/Cellar/opencv/4.7.0/lib/libopencv_ccalib.4.7.0.dylib; sourceTree = "<group>"; };
		DCFB21EA296CC45D00643498 /* libopencv_sfm.4.7.0.dylib */ = {isa = PBXFileReference; lastKnownFileType = "compiled.mach-o.dylib"; name = libopencv_sfm.4.7.0.dylib; path = ../../../../opt/homebrew/Cellar/opencv/4.7.0/lib/libopencv_sfm.4.7.0.dylib; sourceTree = "<group>"; };
		DCFB21EB296CC45D00643498 /* libopencv_features2d.4.7.0.dylib */ = {isa = PBXFileReference; lastKnownFileType = "compiled.mach-o.dylib"; name = libopencv_features2d.4.7.0.dylib; path = ../../../../opt/homebrew/Cellar/opencv/4.7.0/lib/libopencv_features2d.4.7.0.dylib; sourceTree = "<group>"; };
		DCFB21EC296CC45D00643498 /* libopencv_shape.4.7.0.dylib */ = {isa = PBXFileReference; lastKnownFileType = "compiled.mach-o.dylib"; name = libopencv_shape.4.7.0.dylib; path = ../../../../opt/homebrew/Cellar/opencv/4.7.0/lib/libopencv_shape.4.7.0.dylib; sourceTree = "<group>"; };
		DCFB21ED296CC45D00643498 /* libopencv_face.4.7.0.dylib */ = {isa = PBXFileReference; lastKnownFileType = "compiled.mach-o.dylib"; name = libopencv_face.4.7.0.dylib; path = ../../../../opt/homebrew/Cellar/opencv/4.7.0/lib/libopencv_face.4.7.0.dylib; sourceTree = "<group>"; };
		DCFB21EE296CC45D00643498 /* libopencv_optflow.4.7.0.dylib */ = {isa = PBXFileReference; lastKnownFileType = "compiled.mach-o.dylib"; name = libopencv_optflow.4.7.0.dylib; path = ../../../../opt/homebrew/Cellar/opencv/4.7.0/lib/libopencv_optflow.4.7.0.dylib; sourceTree = "<group>"; };
		DCFB21EF296CC45E00643498 /* libopencv_video.4.7.0.dylib */ = {isa = PBXFileReference; lastKnownFileType = "compiled.mach-o.dylib"; name = libopencv_video.4.7.0.dylib; path = ../../../../opt/homebrew/Cellar/opencv/4.7.0/lib/libopencv_video.4.7.0.dylib; sourceTree = "<group>"; };
		DCFB21F0296CC45E00643498 /* libopencv_videoio.4.7.0.dylib */ = {isa = PBXFileReference; lastKnownFileType = "compiled.mach-o.dylib"; name = libopencv_videoio.4.7.0.dylib; path = ../../../../opt/homebrew/Cellar/opencv/4.7.0/lib/libopencv_videoio.4.7.0.dylib; sourceTree = "<group>"; };
		DCFB21F1296CC45E00643498 /* libopencv_stitching.4.7.0.dylib */ = {isa = PBXFileReference; lastKnownFileType = "compiled.mach-o.dylib"; name = libopencv_stitching.4.7.0.dylib; path = ../../../../opt/homebrew/Cellar/opencv/4.7.0/lib/libopencv_stitching.4.7.0.dylib; sourceTree = "<group>"; };
		DCFB21F2296CC45E00643498 /* libopencv_highgui.4.7.0.dylib */ = {isa = PBXFileReference; lastKnownFileType = "compiled.mach-o.dylib"; name = libopencv_highgui.4.7.0.dylib; path = ../../../../opt/homebrew/Cellar/opencv/4.7.0/lib/libopencv_highgui.4.7.0.dylib; sourceTree = "<group>"; };
		DCFB21F3296CC45E00643498 /* libopencv_intensity_transform.4.7.0.dylib */ = {isa = PBXFileReference; lastKnownFileType = "compiled.mach-o.dylib"; name = libopencv_intensity_transform.4.7.0.dylib; path = ../../../../opt/homebrew/Cellar/opencv/4.7.0/lib/libopencv_intensity_transform.4.7.0.dylib; sourceTree = "<group>"; };
		DCFB21F4296CC45E00643498 /* libopencv_datasets.4.7.0.dylib */ = {isa = PBXFileReference; lastKnownFileType = "compiled.mach-o.dylib"; name = libopencv_datasets.4.7.0.dylib; path = ../../../../opt/homebrew/Cellar/opencv/4.7.0/lib/libopencv_datasets.4.7.0.dylib; sourceTree = "<group>"; };
		DCFB21F5296CC45E00643498 /* libopencv_dnn_objdetect.4.7.0.dylib */ = {isa = PBXFileReference; lastKnownFileType = "compiled.mach-o.dylib"; name = libopencv_dnn_objdetect.4.7.0.dylib; path = ../../../../opt/homebrew/Cellar/opencv/4.7.0/lib/libopencv_dnn_objdetect.4.7.0.dylib; sourceTree = "<group>"; };
		DCFB21F7296CC45E00643498 /* libopencv_surface_matching.4.7.0.dylib */ = {isa = PBXFileReference; lastKnownFileType = "compiled.mach-o.dylib"; name = libopencv_surface_matching.4.7.0.dylib; path = ../../../../opt/homebrew/Cellar/opencv/4.7.0/lib/libopencv_surface_matching.4.7.0.dylib; sourceTree = "<group>"; };
		DCFB21F8296CC45E00643498 /* libopencv_flann.4.7.0.dylib */ = {isa = PBXFileReference; lastKnownFileType = "compiled.mach-o.dylib"; name = libopencv_flann.4.7.0.dylib; path = ../../../../opt/homebrew/Cellar/opencv/4.7.0/lib/libopencv_flann.4.7.0.dylib; sourceTree = "<group>"; };
		DCFB21F9296CC45E00643498 /* libopencv_viz.4.7.0.dylib */ = {isa = PBXFileReference; lastKnownFileType = "compiled.mach-o.dylib"; name = libopencv_viz.4.7.0.dylib; path = ../../../../opt/homebrew/Cellar/opencv/4.7.0/lib/libopencv_viz.4.7.0.dylib; sourceTree = "<group>"; };
		DCFB21FB296CC45E00643498 /* libopencv_saliency.4.7.0.dylib */ = {isa = PBXFileReference; lastKnownFileType = "compiled.mach-o.dylib"; name = libopencv_saliency.4.7.0.dylib; path = ../../../../opt/homebrew/Cellar/opencv/4.7.0/lib/libopencv_saliency.4.7.0.dylib; sourceTree = "<group>"; };
		DCFB21FC296CC45E00643498 /* libopencv_barcode.4.7.0.dylib */ = {isa = PBXFileReference; lastKnownFileType = "compiled.mach-o.dylib"; name = libopencv_barcode.4.7.0.dylib; path = ../../../../opt/homebrew/Cellar/opencv/4.7.0/lib/libopencv_barcode.4.7.0.dylib; sourceTree = "<group>"; };
		DCFB21FD296CC45E00643498 /* libopencv_line_descriptor.4.7.0.dylib */ = {isa = PBXFileReference; lastKnownFileType = "compiled.mach-o.dylib"; name = libopencv_line_descriptor.4.7.0.dylib; path = ../../../../opt/homebrew/Cellar/opencv/4.7.0/lib/libopencv_line_descriptor.4.7.0.dylib; sourceTree = "<group>"; };
		DCFB2236296CC6A600643498 /* sodukusolver.entitlements */ = {isa = PBXFileReference; lastKnownFileType = text.plist.entitlements; path = sodukusolver.entitlements; sourceTree = "<group>"; };
/* End PBXFileReference section */

/* Begin PBXFrameworksBuildPhase section */
		DCFB1D8E296CBD5300643498 /* Frameworks */ = {
			isa = PBXFrameworksBuildPhase;
			buildActionMask = 2147483647;
			files = (
				DCFB2212296CC45E00643498 /* libopencv_stereo.4.7.0.dylib in Frameworks */,
				DCFB2213296CC45E00643498 /* libopencv_ml.4.7.0.dylib in Frameworks */,
				DCFB2229296CC45E00643498 /* libopencv_video.4.7.0.dylib in Frameworks */,
				DCFB2235296CC45E00643498 /* libopencv_line_descriptor.4.7.0.dylib in Frameworks */,
				DCFB222A296CC45E00643498 /* libopencv_videoio.4.7.0.dylib in Frameworks */,
				DCFB2232296CC45E00643498 /* libopencv_viz.4.7.0.dylib in Frameworks */,
				DCFB2202296CC45E00643498 /* libopencv_superres.4.7.0.dylib in Frameworks */,
				DCFB220E296CC45E00643498 /* libopencv_videostab.4.7.0.dylib in Frameworks */,
				DCFB21FE296CC45E00643498 /* libopencv_bgsegm.4.7.0.dylib in Frameworks */,
				DCFB221B296CC45E00643498 /* libopencv_photo.4.7.0.dylib in Frameworks */,
				DCFB2210296CC45E00643498 /* libopencv_ximgproc.4.7.0.dylib in Frameworks */,
				DCFB2214296CC45E00643498 /* libopencv_quality.4.7.0.dylib in Frameworks */,
				DCFB2224296CC45E00643498 /* libopencv_sfm.4.7.0.dylib in Frameworks */,
				DCFB2233296CC45E00643498 /* libopencv_saliency.4.7.0.dylib in Frameworks */,
				DCFB221E296CC45E00643498 /* libopencv_dnn_superres.4.7.0.dylib in Frameworks */,
				DCFB2225296CC45E00643498 /* libopencv_features2d.4.7.0.dylib in Frameworks */,
				DCFB2228296CC45E00643498 /* libopencv_optflow.4.7.0.dylib in Frameworks */,
				DCFB221F296CC45E00643498 /* libopencv_aruco.4.7.0.dylib in Frameworks */,
				DCFB220D296CC45E00643498 /* libopencv_hfs.4.7.0.dylib in Frameworks */,
				DCFB222B296CC45E00643498 /* libopencv_stitching.4.7.0.dylib in Frameworks */,
				DCFB2221296CC45E00643498 /* libopencv_rapid.4.7.0.dylib in Frameworks */,
				DCFB2215296CC45E00643498 /* libopencv_xobjdetect.4.7.0.dylib in Frameworks */,
				DCFB222D296CC45E00643498 /* libopencv_intensity_transform.4.7.0.dylib in Frameworks */,
				DCFB222F296CC45E00643498 /* libopencv_dnn_objdetect.4.7.0.dylib in Frameworks */,
				DCFB2222296CC45E00643498 /* libopencv_img_hash.4.7.0.dylib in Frameworks */,
				DCFB2231296CC45E00643498 /* libopencv_flann.4.7.0.dylib in Frameworks */,
				DCFB2201296CC45E00643498 /* libopencv_rgbd.4.7.0.dylib in Frameworks */,
				DCFB220F296CC45E00643498 /* libopencv_calib3d.4.7.0.dylib in Frameworks */,
				DCFB2204296CC45E00643498 /* libopencv_gapi.4.7.0.dylib in Frameworks */,
				DCFB2218296CC45E00643498 /* libopencv_dnn.4.7.0.dylib in Frameworks */,
				DCFB2220296CC45E00643498 /* libopencv_freetype.4.7.0.dylib in Frameworks */,
				DCFB220C296CC45E00643498 /* libopencv_wechat_qrcode.4.7.0.dylib in Frameworks */,
				DCFB2217296CC45E00643498 /* libopencv_bioinspired.4.7.0.dylib in Frameworks */,
				DCFB2200296CC45E00643498 /* libopencv_phase_unwrapping.4.7.0.dylib in Frameworks */,
				DCFB2226296CC45E00643498 /* libopencv_shape.4.7.0.dylib in Frameworks */,
				DCFB2207296CC45E00643498 /* libopencv_core.4.7.0.dylib in Frameworks */,
				DCFB222E296CC45E00643498 /* libopencv_datasets.4.7.0.dylib in Frameworks */,
				DCFB221C296CC45E00643498 /* libopencv_imgproc.4.7.0.dylib in Frameworks */,
				DCFB2206296CC45E00643498 /* libopencv_mcc.4.7.0.dylib in Frameworks */,
				DCFB21FF296CC45E00643498 /* libopencv_fuzzy.4.7.0.dylib in Frameworks */,
				DCFB221D296CC45E00643498 /* libopencv_imgcodecs.4.7.0.dylib in Frameworks */,
				DCFB2205296CC45E00643498 /* libopencv_xphoto.4.7.0.dylib in Frameworks */,
				DCFB2216296CC45E00643498 /* libopencv_xfeatures2d.4.7.0.dylib in Frameworks */,
				DCFB2208296CC45E00643498 /* libopencv_structured_light.4.7.0.dylib in Frameworks */,
				DCFB2203296CC45E00643498 /* libopencv_reg.4.7.0.dylib in Frameworks */,
				DCFB2230296CC45E00643498 /* libopencv_surface_matching.4.7.0.dylib in Frameworks */,
				DCFB220A296CC45E00643498 /* libopencv_alphamat.4.7.0.dylib in Frameworks */,
				DCFB2209296CC45E00643498 /* libopencv_objdetect.4.7.0.dylib in Frameworks */,
				DCFB2219296CC45E00643498 /* libopencv_tracking.4.7.0.dylib in Frameworks */,
				DCFB2227296CC45E00643498 /* libopencv_face.4.7.0.dylib in Frameworks */,
				DCFB2223296CC45E00643498 /* libopencv_ccalib.4.7.0.dylib in Frameworks */,
				DCFB2211296CC45E00643498 /* libopencv_dpm.4.7.0.dylib in Frameworks */,
				DCFB221A296CC45E00643498 /* libopencv_text.4.7.0.dylib in Frameworks */,
				DCFB222C296CC45E00643498 /* libopencv_highgui.4.7.0.dylib in Frameworks */,
				DCFB220B296CC45E00643498 /* libopencv_plot.4.7.0.dylib in Frameworks */,
				DCFB2234296CC45E00643498 /* libopencv_barcode.4.7.0.dylib in Frameworks */,
			);
			runOnlyForDeploymentPostprocessing = 0;
		};
/* End PBXFrameworksBuildPhase section */

/* Begin PBXGroup section */
		DCFB1D88296CBD5300643498 = {
			isa = PBXGroup;
			children = (
				DCFB21D0296CC45D00643498 /* libopencv_alphamat.4.7.0.dylib */,
				DCFB21E5296CC45D00643498 /* libopencv_aruco.4.7.0.dylib */,
				DCFB21FC296CC45E00643498 /* libopencv_barcode.4.7.0.dylib */,
				DCFB21C3296CC45D00643498 /* libopencv_bgsegm.4.7.0.dylib */,
				DCFB21DD296CC45D00643498 /* libopencv_bioinspired.4.7.0.dylib */,
				DCFB21D5296CC45D00643498 /* libopencv_calib3d.4.7.0.dylib */,
				DCFB21E9296CC45D00643498 /* libopencv_ccalib.4.7.0.dylib */,
				DCFB21CD296CC45D00643498 /* libopencv_core.4.7.0.dylib */,
				DCFB21F4296CC45E00643498 /* libopencv_datasets.4.7.0.dylib */,
				DCFB21F5296CC45E00643498 /* libopencv_dnn_objdetect.4.7.0.dylib */,
				DCFB21E4296CC45D00643498 /* libopencv_dnn_superres.4.7.0.dylib */,
				DCFB21DE296CC45D00643498 /* libopencv_dnn.4.7.0.dylib */,
				DCFB21D7296CC45D00643498 /* libopencv_dpm.4.7.0.dylib */,
				DCFB21ED296CC45D00643498 /* libopencv_face.4.7.0.dylib */,
				DCFB21EB296CC45D00643498 /* libopencv_features2d.4.7.0.dylib */,
				DCFB21F8296CC45E00643498 /* libopencv_flann.4.7.0.dylib */,
				DCFB21E6296CC45D00643498 /* libopencv_freetype.4.7.0.dylib */,
				DCFB21C4296CC45D00643498 /* libopencv_fuzzy.4.7.0.dylib */,
				DCFB21C9296CC45D00643498 /* libopencv_gapi.4.7.0.dylib */,
				DCFB21D3296CC45D00643498 /* libopencv_hfs.4.7.0.dylib */,
				DCFB21F2296CC45E00643498 /* libopencv_highgui.4.7.0.dylib */,
				DCFB21E8296CC45D00643498 /* libopencv_img_hash.4.7.0.dylib */,
				DCFB21E3296CC45D00643498 /* libopencv_imgcodecs.4.7.0.dylib */,
				DCFB21E2296CC45D00643498 /* libopencv_imgproc.4.7.0.dylib */,
				DCFB21F3296CC45E00643498 /* libopencv_intensity_transform.4.7.0.dylib */,
				DCFB21FD296CC45E00643498 /* libopencv_line_descriptor.4.7.0.dylib */,
				DCFB21CC296CC45D00643498 /* libopencv_mcc.4.7.0.dylib */,
				DCFB21D9296CC45D00643498 /* libopencv_ml.4.7.0.dylib */,
				DCFB21CF296CC45D00643498 /* libopencv_objdetect.4.7.0.dylib */,
				DCFB21EE296CC45D00643498 /* libopencv_optflow.4.7.0.dylib */,
				DCFB21C5296CC45D00643498 /* libopencv_phase_unwrapping.4.7.0.dylib */,
				DCFB21E1296CC45D00643498 /* libopencv_photo.4.7.0.dylib */,
				DCFB21D1296CC45D00643498 /* libopencv_plot.4.7.0.dylib */,
				DCFB21DA296CC45D00643498 /* libopencv_quality.4.7.0.dylib */,
				DCFB21E7296CC45D00643498 /* libopencv_rapid.4.7.0.dylib */,
				DCFB21C8296CC45D00643498 /* libopencv_reg.4.7.0.dylib */,
				DCFB21C6296CC45D00643498 /* libopencv_rgbd.4.7.0.dylib */,
				DCFB21FB296CC45E00643498 /* libopencv_saliency.4.7.0.dylib */,
				DCFB21EA296CC45D00643498 /* libopencv_sfm.4.7.0.dylib */,
				DCFB21EC296CC45D00643498 /* libopencv_shape.4.7.0.dylib */,
				DCFB21D8296CC45D00643498 /* libopencv_stereo.4.7.0.dylib */,
				DCFB21F1296CC45E00643498 /* libopencv_stitching.4.7.0.dylib */,
				DCFB21CE296CC45D00643498 /* libopencv_structured_light.4.7.0.dylib */,
				DCFB21C7296CC45D00643498 /* libopencv_superres.4.7.0.dylib */,
				DCFB21F7296CC45E00643498 /* libopencv_surface_matching.4.7.0.dylib */,
				DCFB21E0296CC45D00643498 /* libopencv_text.4.7.0.dylib */,
				DCFB21DF296CC45D00643498 /* libopencv_tracking.4.7.0.dylib */,
				DCFB21EF296CC45E00643498 /* libopencv_video.4.7.0.dylib */,
				DCFB21F0296CC45E00643498 /* libopencv_videoio.4.7.0.dylib */,
				DCFB21D4296CC45D00643498 /* libopencv_videostab.4.7.0.dylib */,
				DCFB21F9296CC45E00643498 /* libopencv_viz.4.7.0.dylib */,
				DCFB21D2296CC45D00643498 /* libopencv_wechat_qrcode.4.7.0.dylib */,
				DCFB21DC296CC45D00643498 /* libopencv_xfeatures2d.4.7.0.dylib */,
				DCFB21D6296CC45D00643498 /* libopencv_ximgproc.4.7.0.dylib */,
				DCFB21DB296CC45D00643498 /* libopencv_xobjdetect.4.7.0.dylib */,
				DCFB21CA296CC45D00643498 /* libopencv_xphoto.4.7.0.dylib */,
				DCFB1D93296CBD5300643498 /* sodukusolver */,
				DCFB1D92296CBD5300643498 /* Products */,
			);
			sourceTree = "<group>";
		};
		DCFB1D92296CBD5300643498 /* Products */ = {
			isa = PBXGroup;
			children = (
				DCFB1D91296CBD5300643498 /* sodukusolver */,
			);
			name = Products;
			sourceTree = "<group>";
		};
		DCFB1D93296CBD5300643498 /* sodukusolver */ = {
			isa = PBXGroup;
			children = (
				DCFB2236296CC6A600643498 /* sodukusolver.entitlements */,
				DCFB1D94296CBD5300643498 /* main.cpp */,
			);
			path = sodukusolver;
			sourceTree = "<group>";
		};
/* End PBXGroup section */

/* Begin PBXNativeTarget section */
		DCFB1D90296CBD5300643498 /* sodukusolver */ = {
			isa = PBXNativeTarget;
			buildConfigurationList = DCFB1D98296CBD5300643498 /* Build configuration list for PBXNativeTarget "sodukusolver" */;
			buildPhases = (
				DCFB1D8D296CBD5300643498 /* Sources */,
				DCFB1D8E296CBD5300643498 /* Frameworks */,
				DCFB1D8F296CBD5300643498 /* CopyFiles */,
			);
			buildRules = (
			);
			dependencies = (
			);
			name = sodukusolver;
			productName = sodukusolver;
			productReference = DCFB1D91296CBD5300643498 /* sodukusolver */;
			productType = "com.apple.product-type.tool";
		};
/* End PBXNativeTarget section */

/* Begin PBXProject section */
		DCFB1D89296CBD5300643498 /* Project object */ = {
			isa = PBXProject;
			attributes = {
				BuildIndependentTargetsInParallel = 1;
				LastUpgradeCheck = 1420;
				TargetAttributes = {
					DCFB1D90296CBD5300643498 = {
						CreatedOnToolsVersion = 14.2;
					};
				};
			};
			buildConfigurationList = DCFB1D8C296CBD5300643498 /* Build configuration list for PBXProject "sodukusolver" */;
			compatibilityVersion = "Xcode 14.0";
			developmentRegion = en;
			hasScannedForEncodings = 0;
			knownRegions = (
				en,
				Base,
			);
			mainGroup = DCFB1D88296CBD5300643498;
			productRefGroup = DCFB1D92296CBD5300643498 /* Products */;
			projectDirPath = "";
			projectRoot = "";
			targets = (
				DCFB1D90296CBD5300643498 /* sodukusolver */,
			);
		};
/* End PBXProject section */

/* Begin PBXSourcesBuildPhase section */
		DCFB1D8D296CBD5300643498 /* Sources */ = {
			isa = PBXSourcesBuildPhase;
			buildActionMask = 2147483647;
			files = (
				DCFB1D95296CBD5300643498 /* main.cpp in Sources */,
			);
			runOnlyForDeploymentPostprocessing = 0;
		};
/* End PBXSourcesBuildPhase section */

/* Begin XCBuildConfiguration section */
		DCFB1D96296CBD5300643498 /* Debug */ = {
			isa = XCBuildConfiguration;
			buildSettings = {
				ALWAYS_SEARCH_USER_PATHS = NO;
				CLANG_ANALYZER_NONNULL = YES;
				CLANG_ANALYZER_NUMBER_OBJECT_CONVERSION = YES_AGGRESSIVE;
				CLANG_CXX_LANGUAGE_STANDARD = "gnu++20";
				CLANG_ENABLE_MODULES = YES;
				CLANG_ENABLE_OBJC_ARC = YES;
				CLANG_ENABLE_OBJC_WEAK = YES;
				CLANG_WARN_BLOCK_CAPTURE_AUTORELEASING = YES;
				CLANG_WARN_BOOL_CONVERSION = YES;
				CLANG_WARN_COMMA = YES;
				CLANG_WARN_CONSTANT_CONVERSION = YES;
				CLANG_WARN_DEPRECATED_OBJC_IMPLEMENTATIONS = YES;
				CLANG_WARN_DIRECT_OBJC_ISA_USAGE = YES_ERROR;
				CLANG_WARN_DOCUMENTATION_COMMENTS = YES;
				CLANG_WARN_EMPTY_BODY = YES;
				CLANG_WARN_ENUM_CONVERSION = YES;
				CLANG_WARN_INFINITE_RECURSION = YES;
				CLANG_WARN_INT_CONVERSION = YES;
				CLANG_WARN_NON_LITERAL_NULL_CONVERSION = YES;
				CLANG_WARN_OBJC_IMPLICIT_RETAIN_SELF = YES;
				CLANG_WARN_OBJC_LITERAL_CONVERSION = YES;
				CLANG_WARN_OBJC_ROOT_CLASS = YES_ERROR;
				CLANG_WARN_QUOTED_INCLUDE_IN_FRAMEWORK_HEADER = YES;
				CLANG_WARN_RANGE_LOOP_ANALYSIS = YES;
				CLANG_WARN_STRICT_PROTOTYPES = YES;
				CLANG_WARN_SUSPICIOUS_MOVE = YES;
				CLANG_WARN_UNGUARDED_AVAILABILITY = YES_AGGRESSIVE;
				CLANG_WARN_UNREACHABLE_CODE = YES;
				CLANG_WARN__DUPLICATE_METHOD_MATCH = YES;
				COPY_PHASE_STRIP = NO;
				DEBUG_INFORMATION_FORMAT = dwarf;
				ENABLE_STRICT_OBJC_MSGSEND = YES;
				ENABLE_TESTABILITY = YES;
				GCC_C_LANGUAGE_STANDARD = gnu11;
				GCC_DYNAMIC_NO_PIC = NO;
				GCC_NO_COMMON_BLOCKS = YES;
				GCC_OPTIMIZATION_LEVEL = 0;
				GCC_PREPROCESSOR_DEFINITIONS = (
					"DEBUG=1",
					"$(inherited)",
				);
				GCC_WARN_64_TO_32_BIT_CONVERSION = YES;
				GCC_WARN_ABOUT_RETURN_TYPE = YES_ERROR;
				GCC_WARN_UNDECLARED_SELECTOR = YES;
				GCC_WARN_UNINITIALIZED_AUTOS = YES_AGGRESSIVE;
				GCC_WARN_UNUSED_FUNCTION = YES;
				GCC_WARN_UNUSED_VARIABLE = YES;
				MACOSX_DEPLOYMENT_TARGET = 13.1;
				MTL_ENABLE_DEBUG_INFO = INCLUDE_SOURCE;
				MTL_FAST_MATH = YES;
				ONLY_ACTIVE_ARCH = YES;
				SDKROOT = macosx;
			};
			name = Debug;
		};
		DCFB1D97296CBD5300643498 /* Release */ = {
			isa = XCBuildConfiguration;
			buildSettings = {
				ALWAYS_SEARCH_USER_PATHS = NO;
				CLANG_ANALYZER_NONNULL = YES;
				CLANG_ANALYZER_NUMBER_OBJECT_CONVERSION = YES_AGGRESSIVE;
				CLANG_CXX_LANGUAGE_STANDARD = "gnu++20";
				CLANG_ENABLE_MODULES = YES;
				CLANG_ENABLE_OBJC_ARC = YES;
				CLANG_ENABLE_OBJC_WEAK = YES;
				CLANG_WARN_BLOCK_CAPTURE_AUTORELEASING = YES;
				CLANG_WARN_BOOL_CONVERSION = YES;
				CLANG_WARN_COMMA = YES;
				CLANG_WARN_CONSTANT_CONVERSION = YES;
				CLANG_WARN_DEPRECATED_OBJC_IMPLEMENTATIONS = YES;
				CLANG_WARN_DIRECT_OBJC_ISA_USAGE = YES_ERROR;
				CLANG_WARN_DOCUMENTATION_COMMENTS = YES;
				CLANG_WARN_EMPTY_BODY = YES;
				CLANG_WARN_ENUM_CONVERSION = YES;
				CLANG_WARN_INFINITE_RECURSION = YES;
				CLANG_WARN_INT_CONVERSION = YES;
				CLANG_WARN_NON_LITERAL_NULL_CONVERSION = YES;
				CLANG_WARN_OBJC_IMPLICIT_RETAIN_SELF = YES;
				CLANG_WARN_OBJC_LITERAL_CONVERSION = YES;
				CLANG_WARN_OBJC_ROOT_CLASS = YES_ERROR;
				CLANG_WARN_QUOTED_INCLUDE_IN_FRAMEWORK_HEADER = YES;
				CLANG_WARN_RANGE_LOOP_ANALYSIS = YES;
				CLANG_WARN_STRICT_PROTOTYPES = YES;
				CLANG_WARN_SUSPICIOUS_MOVE = YES;
				CLANG_WARN_UNGUARDED_AVAILABILITY = YES_AGGRESSIVE;
				CLANG_WARN_UNREACHABLE_CODE = YES;
				CLANG_WARN__DUPLICATE_METHOD_MATCH = YES;
				COPY_PHASE_STRIP = NO;
				DEBUG_INFORMATION_FORMAT = "dwarf-with-dsym";
				ENABLE_NS_ASSERTIONS = NO;
				ENABLE_STRICT_OBJC_MSGSEND = YES;
				GCC_C_LANGUAGE_STANDARD = gnu11;
				GCC_NO_COMMON_BLOCKS = YES;
				GCC_WARN_64_TO_32_BIT_CONVERSION = YES;
				GCC_WARN_ABOUT_RETURN_TYPE = YES_ERROR;
				GCC_WARN_UNDECLARED_SELECTOR = YES;
				GCC_WARN_UNINITIALIZED_AUTOS = YES_AGGRESSIVE;
				GCC_WARN_UNUSED_FUNCTION = YES;
				GCC_WARN_UNUSED_VARIABLE = YES;
				MACOSX_DEPLOYMENT_TARGET = 13.1;
				MTL_ENABLE_DEBUG_INFO = NO;
				MTL_FAST_MATH = YES;
				SDKROOT = macosx;
			};
			name = Release;
		};
		DCFB1D99296CBD5300643498 /* Debug */ = {
			isa = XCBuildConfiguration;
			buildSettings = {
				CODE_SIGN_ENTITLEMENTS = sodukusolver/sodukusolver.entitlements;
				CODE_SIGN_STYLE = Automatic;
				DEVELOPMENT_TEAM = 7Y4M3L7HSF;
				ENABLE_HARDENED_RUNTIME = YES;
				HEADER_SEARCH_PATHS = "/opt/homebrew/Cellar/opencv/4.7.0/include/**";
				LIBRARY_SEARCH_PATHS = (
					"$(inherited)",
					"$(PROJECT_DIR)",
					"/opt/homebrew/Cellar/opencv/4.7.0/lib/**",
				);
				PRODUCT_NAME = "$(TARGET_NAME)";
			};
			name = Debug;
		};
		DCFB1D9A296CBD5300643498 /* Release */ = {
			isa = XCBuildConfiguration;
			buildSettings = {
				CODE_SIGN_ENTITLEMENTS = sodukusolver/sodukusolver.entitlements;
				CODE_SIGN_STYLE = Automatic;
				DEVELOPMENT_TEAM = 7Y4M3L7HSF;
				ENABLE_HARDENED_RUNTIME = YES;
				HEADER_SEARCH_PATHS = "/opt/homebrew/Cellar/opencv/4.7.0/include/**";
				LIBRARY_SEARCH_PATHS = (
					"$(inherited)",
					"$(PROJECT_DIR)",
					"/opt/homebrew/Cellar/opencv/4.7.0/lib/**",
				);
				PRODUCT_NAME = "$(TARGET_NAME)";
			};
			name = Release;
		};
/* End XCBuildConfiguration section */

/* Begin XCConfigurationList section */
		DCFB1D8C296CBD5300643498 /* Build configuration list for PBXProject "sodukusolver" */ = {
			isa = XCConfigurationList;
			buildConfigurations = (
				DCFB1D96296CBD5300643498 /* Debug */,
				DCFB1D97296CBD5300643498 /* Release */,
			);
			defaultConfigurationIsVisible = 0;
			defaultConfigurationName = Release;
		};
		DCFB1D98296CBD5300643498 /* Build configuration list for PBXNativeTarget "sodukusolver" */ = {
			isa = XCConfigurationList;
			buildConfigurations = (
				DCFB1D99296CBD5300643498 /* Debug */,
				DCFB1D9A296CBD5300643498 /* Release */,
			);
			defaultConfigurationIsVisible = 0;
			defaultConfigurationName = Release;
		};
/* End XCConfigurationList section */
	};
	rootObject = DCFB1D89296CBD5300643498 /* Project object */;
}
